PODS:
  - Crashlytics (3.10.3):
    - Fabric (~> 1.7.8)
  - Fabric (1.7.8)
  - Realm (3.7.4):
    - Realm/Headers (= 3.7.4)
  - Realm/Headers (3.7.4)
  - RealmSwift (3.7.4):
    - Realm (= 3.7.4)

DEPENDENCIES:
  - Crashlytics
  - Fabric
  - RealmSwift

SPEC REPOS:
  https://github.com/cocoapods/specs.git:
    - Crashlytics
    - Fabric
    - Realm
    - RealmSwift

SPEC CHECKSUMS:
  Crashlytics: 2aea305161a2122492698c75af27f2b98aa49a25
  Fabric: fba4684a95df789565b0b27fc5b6e68f1755af32
  Realm: a469bb59e33f9926102ccaea4349822c53b9117e
  RealmSwift: a45861b21c180f5cf0f122144b9759fa8dde3e9e

PODFILE CHECKSUM: e1f6adcf381b1d7860e98c86507a5a71eb6a81be

COCOAPODS: 1.5.3
