// !$*UTF8*$!
{
	archiveVersion = 1;
	classes = {
	};
	objectVersion = 46;
	objects = {

/* Begin PBXBuildFile section */
		8324A2841E90341600672438 /* Assets.xcassets in Resources */ = {isa = PBXBuildFile; fileRef = 8324A2801E90341600672438 /* Assets.xcassets */; };
		8324A2851E90341600672438 /* Main.storyboard in Resources */ = {isa = PBXBuildFile; fileRef = 8324A2811E90341600672438 /* Main.storyboard */; };
		8324A2861E90341600672438 /* RPGSystem.ttf in Resources */ = {isa = PBXBuildFile; fileRef = 8324A2831E90341600672438 /* RPGSystem.ttf */; };
		832DAE621E8D5657001E6BB6 /* KeyboardObservable.swift in Sources */ = {isa = PBXBuildFile; fileRef = 832DAE611E8D5657001E6BB6 /* KeyboardObservable.swift */; };
		8366A9531E8D1A9A002868D9 /* ActionButton.swift in Sources */ = {isa = PBXBuildFile; fileRef = 8366A9521E8D1A9A002868D9 /* ActionButton.swift */; };
		836A95361EA285FE00BCE82A /* LoadMoreCell.swift in Sources */ = {isa = PBXBuildFile; fileRef = 836A95351EA285FE00BCE82A /* LoadMoreCell.swift */; };
		836A95381EA2A5CA00BCE82A /* Launch.storyboard in Resources */ = {isa = PBXBuildFile; fileRef = 836A95371EA2A5CA00BCE82A /* Launch.storyboard */; };
		8370650D20E7BD5E008092FD /* APIClient.swift in Sources */ = {isa = PBXBuildFile; fileRef = 8370650420E7BD5C008092FD /* APIClient.swift */; };
		8370650E20E7BD5E008092FD /* GiantBomb.swift in Sources */ = {isa = PBXBuildFile; fileRef = 8370650520E7BD5C008092FD /* GiantBomb.swift */; };
		8370650F20E7BD5E008092FD /* URLBuilder.swift in Sources */ = {isa = PBXBuildFile; fileRef = 8370650620E7BD5C008092FD /* URLBuilder.swift */; };
		8370651020E7BD5E008092FD /* Backlog.swift in Sources */ = {isa = PBXBuildFile; fileRef = 8370650820E7BD5D008092FD /* Backlog.swift */; };
		8370651120E7BD5E008092FD /* Game.swift in Sources */ = {isa = PBXBuildFile; fileRef = 8370650A20E7BD5D008092FD /* Game.swift */; };
		8370651220E7BD5E008092FD /* GameList.swift in Sources */ = {isa = PBXBuildFile; fileRef = 8370650B20E7BD5D008092FD /* GameList.swift */; };
		8370651320E7BD5E008092FD /* Platform.swift in Sources */ = {isa = PBXBuildFile; fileRef = 8370650C20E7BD5D008092FD /* Platform.swift */; };
		8370652A20E7BE6A008092FD /* SMGBrain.framework in Frameworks */ = {isa = PBXBuildFile; fileRef = 8370652920E7BE6A008092FD /* SMGBrain.framework */; };
		8370652B20E7BE6A008092FD /* SMGBrain.framework in Embed Frameworks */ = {isa = PBXBuildFile; fileRef = 8370652920E7BE6A008092FD /* SMGBrain.framework */; settings = {ATTRIBUTES = (CodeSignOnCopy, RemoveHeadersOnCopy, ); }; };
		83AD332B1F3E482300A4A720 /* GameViewController.swift in Sources */ = {isa = PBXBuildFile; fileRef = 83AD332A1F3E482300A4A720 /* GameViewController.swift */; };
		83B7DFC81F3F5F4B003A6D6F /* GradientView.swift in Sources */ = {isa = PBXBuildFile; fileRef = 83B7DFC71F3F5F4B003A6D6F /* GradientView.swift */; };
		83B8C44D1E9E956500F25CC7 /* Theme.swift in Sources */ = {isa = PBXBuildFile; fileRef = 83B8C44C1E9E956500F25CC7 /* Theme.swift */; };
		83FFCC271E86D96B00E49C22 /* AppDelegate.swift in Sources */ = {isa = PBXBuildFile; fileRef = 83FFCC141E86D96B00E49C22 /* AppDelegate.swift */; };
		83FFCC2A1E86D96B00E49C22 /* GameCell.swift in Sources */ = {isa = PBXBuildFile; fileRef = 83FFCC191E86D96B00E49C22 /* GameCell.swift */; };
		83FFCC2B1E86D96B00E49C22 /* SearchCell.swift in Sources */ = {isa = PBXBuildFile; fileRef = 83FFCC1A1E86D96B00E49C22 /* SearchCell.swift */; };
		83FFCC311E86D96B00E49C22 /* ListViewController.swift in Sources */ = {isa = PBXBuildFile; fileRef = 83FFCC231E86D96B00E49C22 /* ListViewController.swift */; };
		83FFCC321E86D96B00E49C22 /* SearchViewController.swift in Sources */ = {isa = PBXBuildFile; fileRef = 83FFCC241E86D96B00E49C22 /* SearchViewController.swift */; };
		ED39AB624FDCBC67F1C3D8A0 /* Pods_SoManyGames.framework in Frameworks */ = {isa = PBXBuildFile; fileRef = 28ECC5FD6DB5F275B213DAA5 /* Pods_SoManyGames.framework */; };
/* End PBXBuildFile section */

/* Begin PBXCopyFilesBuildPhase section */
		8370650220E7BD3C008092FD /* Embed Frameworks */ = {
			isa = PBXCopyFilesBuildPhase;
			buildActionMask = 2147483647;
			dstPath = "";
			dstSubfolderSpec = 10;
			files = (
				8370652B20E7BE6A008092FD /* SMGBrain.framework in Embed Frameworks */,
			);
			name = "Embed Frameworks";
			runOnlyForDeploymentPostprocessing = 0;
		};
/* End PBXCopyFilesBuildPhase section */

/* Begin PBXFileReference section */
		28ECC5FD6DB5F275B213DAA5 /* Pods_SoManyGames.framework */ = {isa = PBXFileReference; explicitFileType = wrapper.framework; includeInIndex = 0; path = Pods_SoManyGames.framework; sourceTree = BUILT_PRODUCTS_DIR; };
		29CFE0C8E52E552CBA4F701C /* Pods-SoManyGames.release.xcconfig */ = {isa = PBXFileReference; includeInIndex = 1; lastKnownFileType = text.xcconfig; name = "Pods-SoManyGames.release.xcconfig"; path = "Pods/Target Support Files/Pods-SoManyGames/Pods-SoManyGames.release.xcconfig"; sourceTree = "<group>"; };
		32BCE70985476CA1B48D03CD /* Pods-SoManyGamesUnitTests.release.xcconfig */ = {isa = PBXFileReference; includeInIndex = 1; lastKnownFileType = text.xcconfig; name = "Pods-SoManyGamesUnitTests.release.xcconfig"; path = "Pods/Target Support Files/Pods-SoManyGamesUnitTests/Pods-SoManyGamesUnitTests.release.xcconfig"; sourceTree = "<group>"; };
		8324A2801E90341600672438 /* Assets.xcassets */ = {isa = PBXFileReference; lastKnownFileType = folder.assetcatalog; path = Assets.xcassets; sourceTree = "<group>"; };
		8324A2821E90341600672438 /* Base */ = {isa = PBXFileReference; lastKnownFileType = file.storyboard; name = Base; path = Base.lproj/Main.storyboard; sourceTree = "<group>"; };
		8324A2831E90341600672438 /* RPGSystem.ttf */ = {isa = PBXFileReference; lastKnownFileType = file; path = RPGSystem.ttf; sourceTree = "<group>"; };
		832DAE611E8D5657001E6BB6 /* KeyboardObservable.swift */ = {isa = PBXFileReference; fileEncoding = 4; lastKnownFileType = sourcecode.swift; path = KeyboardObservable.swift; sourceTree = "<group>"; };
		83663A811E7DD243004A5C67 /* SoManyGames.app */ = {isa = PBXFileReference; explicitFileType = wrapper.application; includeInIndex = 0; path = SoManyGames.app; sourceTree = BUILT_PRODUCTS_DIR; };
		83663A901E7DD243004A5C67 /* Info.plist */ = {isa = PBXFileReference; lastKnownFileType = text.plist.xml; path = Info.plist; sourceTree = "<group>"; };
		8366A9521E8D1A9A002868D9 /* ActionButton.swift */ = {isa = PBXFileReference; fileEncoding = 4; lastKnownFileType = sourcecode.swift; path = ActionButton.swift; sourceTree = "<group>"; };
		836A95351EA285FE00BCE82A /* LoadMoreCell.swift */ = {isa = PBXFileReference; fileEncoding = 4; lastKnownFileType = sourcecode.swift; path = LoadMoreCell.swift; sourceTree = "<group>"; };
		836A95371EA2A5CA00BCE82A /* Launch.storyboard */ = {isa = PBXFileReference; fileEncoding = 4; lastKnownFileType = file.storyboard; path = Launch.storyboard; sourceTree = "<group>"; };
		837064E820E7BA29008092FD /* libSMGBrain.a */ = {isa = PBXFileReference; explicitFileType = archive.ar; path = libSMGBrain.a; sourceTree = BUILT_PRODUCTS_DIR; };
		8370650420E7BD5C008092FD /* APIClient.swift */ = {isa = PBXFileReference; fileEncoding = 4; lastKnownFileType = sourcecode.swift; path = APIClient.swift; sourceTree = "<group>"; };
		8370650520E7BD5C008092FD /* GiantBomb.swift */ = {isa = PBXFileReference; fileEncoding = 4; lastKnownFileType = sourcecode.swift; path = GiantBomb.swift; sourceTree = "<group>"; };
		8370650620E7BD5C008092FD /* URLBuilder.swift */ = {isa = PBXFileReference; fileEncoding = 4; lastKnownFileType = sourcecode.swift; path = URLBuilder.swift; sourceTree = "<group>"; };
		8370650820E7BD5D008092FD /* Backlog.swift */ = {isa = PBXFileReference; fileEncoding = 4; lastKnownFileType = sourcecode.swift; path = Backlog.swift; sourceTree = "<group>"; };
		8370650A20E7BD5D008092FD /* Game.swift */ = {isa = PBXFileReference; fileEncoding = 4; lastKnownFileType = sourcecode.swift; path = Game.swift; sourceTree = "<group>"; };
		8370650B20E7BD5D008092FD /* GameList.swift */ = {isa = PBXFileReference; fileEncoding = 4; lastKnownFileType = sourcecode.swift; path = GameList.swift; sourceTree = "<group>"; };
		8370650C20E7BD5D008092FD /* Platform.swift */ = {isa = PBXFileReference; fileEncoding = 4; lastKnownFileType = sourcecode.swift; path = Platform.swift; sourceTree = "<group>"; };
		8370652920E7BE6A008092FD /* SMGBrain.framework */ = {isa = PBXFileReference; explicitFileType = wrapper.framework; path = SMGBrain.framework; sourceTree = BUILT_PRODUCTS_DIR; };
		83AD332A1F3E482300A4A720 /* GameViewController.swift */ = {isa = PBXFileReference; lastKnownFileType = sourcecode.swift; path = GameViewController.swift; sourceTree = "<group>"; };
		83B7DFC71F3F5F4B003A6D6F /* GradientView.swift */ = {isa = PBXFileReference; lastKnownFileType = sourcecode.swift; path = GradientView.swift; sourceTree = "<group>"; };
		83B8C44C1E9E956500F25CC7 /* Theme.swift */ = {isa = PBXFileReference; fileEncoding = 4; lastKnownFileType = sourcecode.swift; path = Theme.swift; sourceTree = "<group>"; };
		83FFCC141E86D96B00E49C22 /* AppDelegate.swift */ = {isa = PBXFileReference; fileEncoding = 4; lastKnownFileType = sourcecode.swift; path = AppDelegate.swift; sourceTree = "<group>"; };
		83FFCC191E86D96B00E49C22 /* GameCell.swift */ = {isa = PBXFileReference; fileEncoding = 4; lastKnownFileType = sourcecode.swift; path = GameCell.swift; sourceTree = "<group>"; };
		83FFCC1A1E86D96B00E49C22 /* SearchCell.swift */ = {isa = PBXFileReference; fileEncoding = 4; lastKnownFileType = sourcecode.swift; path = SearchCell.swift; sourceTree = "<group>"; };
		83FFCC231E86D96B00E49C22 /* ListViewController.swift */ = {isa = PBXFileReference; fileEncoding = 4; lastKnownFileType = sourcecode.swift; path = ListViewController.swift; sourceTree = "<group>"; };
		83FFCC241E86D96B00E49C22 /* SearchViewController.swift */ = {isa = PBXFileReference; fileEncoding = 4; lastKnownFileType = sourcecode.swift; path = SearchViewController.swift; sourceTree = "<group>"; };
		BFA8815A7F45A5BF8248CAC7 /* Pods_SoManyGamesUnitTests.framework */ = {isa = PBXFileReference; explicitFileType = wrapper.framework; includeInIndex = 0; path = Pods_SoManyGamesUnitTests.framework; sourceTree = BUILT_PRODUCTS_DIR; };
		D5AD77AE7E5B42F6219EE6AC /* Pods-SoManyGamesUnitTests.debug.xcconfig */ = {isa = PBXFileReference; includeInIndex = 1; lastKnownFileType = text.xcconfig; name = "Pods-SoManyGamesUnitTests.debug.xcconfig"; path = "Pods/Target Support Files/Pods-SoManyGamesUnitTests/Pods-SoManyGamesUnitTests.debug.xcconfig"; sourceTree = "<group>"; };
		DAE5C5FD9BAB0E7C796B8FD5 /* Pods-SoManyGames.debug.xcconfig */ = {isa = PBXFileReference; includeInIndex = 1; lastKnownFileType = text.xcconfig; name = "Pods-SoManyGames.debug.xcconfig"; path = "Pods/Target Support Files/Pods-SoManyGames/Pods-SoManyGames.debug.xcconfig"; sourceTree = "<group>"; };
/* End PBXFileReference section */

/* Begin PBXFrameworksBuildPhase section */
		83663A7E1E7DD243004A5C67 /* Frameworks */ = {
			isa = PBXFrameworksBuildPhase;
			buildActionMask = 2147483647;
			files = (
				ED39AB624FDCBC67F1C3D8A0 /* Pods_SoManyGames.framework in Frameworks */,
				8370652A20E7BE6A008092FD /* SMGBrain.framework in Frameworks */,
			);
			runOnlyForDeploymentPostprocessing = 0;
		};
/* End PBXFrameworksBuildPhase section */

/* Begin PBXGroup section */
		41AC0402864C06EA5178ABA4 /* Pods */ = {
			isa = PBXGroup;
			children = (
				DAE5C5FD9BAB0E7C796B8FD5 /* Pods-SoManyGames.debug.xcconfig */,
				29CFE0C8E52E552CBA4F701C /* Pods-SoManyGames.release.xcconfig */,
				D5AD77AE7E5B42F6219EE6AC /* Pods-SoManyGamesUnitTests.debug.xcconfig */,
				32BCE70985476CA1B48D03CD /* Pods-SoManyGamesUnitTests.release.xcconfig */,
			);
			name = Pods;
			sourceTree = "<group>";
		};
		8324A27F1E90341600672438 /* Resources */ = {
			isa = PBXGroup;
			children = (
				8324A2801E90341600672438 /* Assets.xcassets */,
				8324A2811E90341600672438 /* Main.storyboard */,
				836A95371EA2A5CA00BCE82A /* Launch.storyboard */,
				8324A2831E90341600672438 /* RPGSystem.ttf */,
			);
			path = Resources;
			sourceTree = "<group>";
		};
		83663A781E7DD242004A5C67 = {
			isa = PBXGroup;
			children = (
				83663A831E7DD243004A5C67 /* SoManyGames */,
				83663A821E7DD243004A5C67 /* Products */,
				41AC0402864C06EA5178ABA4 /* Pods */,
				C0D734037F7D6754A50CCD6E /* Frameworks */,
				8370652920E7BE6A008092FD /* SMGBrain.framework */,
			);
			sourceTree = "<group>";
		};
		83663A821E7DD243004A5C67 /* Products */ = {
			isa = PBXGroup;
			children = (
				83663A811E7DD243004A5C67 /* SoManyGames.app */,
			);
			name = Products;
			sourceTree = "<group>";
		};
		83663A831E7DD243004A5C67 /* SoManyGames */ = {
			isa = PBXGroup;
			children = (
				83FFCC111E86D96B00E49C22 /* Classes */,
				8324A27F1E90341600672438 /* Resources */,
				83663A901E7DD243004A5C67 /* Info.plist */,
			);
			path = SoManyGames;
			sourceTree = "<group>";
		};
		8366A9511E8D1A93002868D9 /* Views */ = {
			isa = PBXGroup;
			children = (
				8366A9521E8D1A9A002868D9 /* ActionButton.swift */,
				83B7DFC71F3F5F4B003A6D6F /* GradientView.swift */,
			);
			path = Views;
			sourceTree = "<group>";
		};
		8370650320E7BD5C008092FD /* API */ = {
			isa = PBXGroup;
			children = (
				8370650420E7BD5C008092FD /* APIClient.swift */,
				8370650520E7BD5C008092FD /* GiantBomb.swift */,
				8370650620E7BD5C008092FD /* URLBuilder.swift */,
			);
			path = API;
			sourceTree = "<group>";
		};
		8370650720E7BD5D008092FD /* Persistence */ = {
			isa = PBXGroup;
			children = (
				8370650820E7BD5D008092FD /* Backlog.swift */,
			);
			path = Persistence;
			sourceTree = "<group>";
		};
		8370650920E7BD5D008092FD /* Models */ = {
			isa = PBXGroup;
			children = (
				8370650A20E7BD5D008092FD /* Game.swift */,
				8370650B20E7BD5D008092FD /* GameList.swift */,
				8370650C20E7BD5D008092FD /* Platform.swift */,
			);
			path = Models;
			sourceTree = "<group>";
		};
		83FFCC111E86D96B00E49C22 /* Classes */ = {
			isa = PBXGroup;
			children = (
				83FFCC141E86D96B00E49C22 /* AppDelegate.swift */,
				832DAE611E8D5657001E6BB6 /* KeyboardObservable.swift */,
				83B8C44C1E9E956500F25CC7 /* Theme.swift */,
				8370650320E7BD5C008092FD /* API */,
				8370650920E7BD5D008092FD /* Models */,
				8370650720E7BD5D008092FD /* Persistence */,
				83FFCC181E86D96B00E49C22 /* Cells */,
				83FFCC211E86D96B00E49C22 /* View Controllers */,
				8366A9511E8D1A93002868D9 /* Views */,
			);
			path = Classes;
			sourceTree = "<group>";
		};
		83FFCC181E86D96B00E49C22 /* Cells */ = {
			isa = PBXGroup;
			children = (
				83FFCC191E86D96B00E49C22 /* GameCell.swift */,
				83FFCC1A1E86D96B00E49C22 /* SearchCell.swift */,
				836A95351EA285FE00BCE82A /* LoadMoreCell.swift */,
			);
			path = Cells;
			sourceTree = "<group>";
		};
		83FFCC211E86D96B00E49C22 /* View Controllers */ = {
			isa = PBXGroup;
			children = (
				83FFCC231E86D96B00E49C22 /* ListViewController.swift */,
				83FFCC241E86D96B00E49C22 /* SearchViewController.swift */,
				83AD332A1F3E482300A4A720 /* GameViewController.swift */,
			);
			path = "View Controllers";
			sourceTree = "<group>";
		};
		C0D734037F7D6754A50CCD6E /* Frameworks */ = {
			isa = PBXGroup;
			children = (
				837064E820E7BA29008092FD /* libSMGBrain.a */,
				28ECC5FD6DB5F275B213DAA5 /* Pods_SoManyGames.framework */,
				BFA8815A7F45A5BF8248CAC7 /* Pods_SoManyGamesUnitTests.framework */,
			);
			name = Frameworks;
			sourceTree = "<group>";
		};
/* End PBXGroup section */

/* Begin PBXNativeTarget section */
		83663A801E7DD243004A5C67 /* SoManyGames */ = {
			isa = PBXNativeTarget;
			buildConfigurationList = 83663AA91E7DD243004A5C67 /* Build configuration list for PBXNativeTarget "SoManyGames" */;
			buildPhases = (
				C8016C2DA05798CA0BB41175 /* [CP] Check Pods Manifest.lock */,
				83663A7D1E7DD243004A5C67 /* Sources */,
				83663A7E1E7DD243004A5C67 /* Frameworks */,
				83663A7F1E7DD243004A5C67 /* Resources */,
				836A95391EA2AAA600BCE82A /* Fabric */,
				7F4B786518416BA107EF14DE /* [CP] Embed Pods Frameworks */,
				8370650220E7BD3C008092FD /* Embed Frameworks */,
			);
			buildRules = (
			);
			dependencies = (
			);
			name = SoManyGames;
			productName = SoManyGames;
			productReference = 83663A811E7DD243004A5C67 /* SoManyGames.app */;
			productType = "com.apple.product-type.application";
		};
/* End PBXNativeTarget section */

/* Begin PBXProject section */
		83663A791E7DD242004A5C67 /* Project object */ = {
			isa = PBXProject;
			attributes = {
				LastSwiftUpdateCheck = 0830;
				LastUpgradeCheck = 1000;
				ORGANIZATIONNAME = "Luke Charman";
				TargetAttributes = {
					83663A801E7DD243004A5C67 = {
						CreatedOnToolsVersion = 8.2.1;
						DevelopmentTeam = DKUXY47LSM;
						LastSwiftMigration = 1000;
						ProvisioningStyle = Automatic;
					};
				};
			};
			buildConfigurationList = 83663A7C1E7DD242004A5C67 /* Build configuration list for PBXProject "SoManyGames" */;
			compatibilityVersion = "Xcode 3.2";
			developmentRegion = English;
			hasScannedForEncodings = 0;
			knownRegions = (
				en,
				Base,
			);
			mainGroup = 83663A781E7DD242004A5C67;
			productRefGroup = 83663A821E7DD243004A5C67 /* Products */;
			projectDirPath = "";
			projectRoot = "";
			targets = (
				83663A801E7DD243004A5C67 /* SoManyGames */,
			);
		};
/* End PBXProject section */

/* Begin PBXResourcesBuildPhase section */
		83663A7F1E7DD243004A5C67 /* Resources */ = {
			isa = PBXResourcesBuildPhase;
			buildActionMask = 2147483647;
			files = (
				8324A2841E90341600672438 /* Assets.xcassets in Resources */,
				8324A2861E90341600672438 /* RPGSystem.ttf in Resources */,
				8324A2851E90341600672438 /* Main.storyboard in Resources */,
				836A95381EA2A5CA00BCE82A /* Launch.storyboard in Resources */,
			);
			runOnlyForDeploymentPostprocessing = 0;
		};
/* End PBXResourcesBuildPhase section */

/* Begin PBXShellScriptBuildPhase section */
		7F4B786518416BA107EF14DE /* [CP] Embed Pods Frameworks */ = {
			isa = PBXShellScriptBuildPhase;
			buildActionMask = 2147483647;
			files = (
			);
			inputPaths = (
				"${SRCROOT}/Pods/Target Support Files/Pods-SoManyGames/Pods-SoManyGames-frameworks.sh",
				"${BUILT_PRODUCTS_DIR}/Realm/Realm.framework",
				"${BUILT_PRODUCTS_DIR}/RealmSwift/RealmSwift.framework",
			);
			name = "[CP] Embed Pods Frameworks";
			outputPaths = (
				"${TARGET_BUILD_DIR}/${FRAMEWORKS_FOLDER_PATH}/Realm.framework",
				"${TARGET_BUILD_DIR}/${FRAMEWORKS_FOLDER_PATH}/RealmSwift.framework",
			);
			runOnlyForDeploymentPostprocessing = 0;
			shellPath = /bin/sh;
			shellScript = "\"${SRCROOT}/Pods/Target Support Files/Pods-SoManyGames/Pods-SoManyGames-frameworks.sh\"\n";
			showEnvVarsInLog = 0;
		};
		836A95391EA2AAA600BCE82A /* Fabric */ = {
			isa = PBXShellScriptBuildPhase;
			buildActionMask = 2147483647;
			files = (
			);
			inputPaths = (
			);
			name = Fabric;
			outputPaths = (
			);
			runOnlyForDeploymentPostprocessing = 0;
			shellPath = /bin/sh;
			shellScript = "\"${PODS_ROOT}/Fabric/run\" 27ef1967d214574925c692f8f48584eddd069f01 c8abf92cf3bc40980d01e2cdde919f52a013558f1ba019c7e3ad0a47ed1153b6";
		};
		C8016C2DA05798CA0BB41175 /* [CP] Check Pods Manifest.lock */ = {
			isa = PBXShellScriptBuildPhase;
			buildActionMask = 2147483647;
			files = (
			);
			inputPaths = (
				"${PODS_PODFILE_DIR_PATH}/Podfile.lock",
				"${PODS_ROOT}/Manifest.lock",
			);
			name = "[CP] Check Pods Manifest.lock";
			outputPaths = (
				"$(DERIVED_FILE_DIR)/Pods-SoManyGames-checkManifestLockResult.txt",
			);
			runOnlyForDeploymentPostprocessing = 0;
			shellPath = /bin/sh;
			shellScript = "diff \"${PODS_PODFILE_DIR_PATH}/Podfile.lock\" \"${PODS_ROOT}/Manifest.lock\" > /dev/null\nif [ $? != 0 ] ; then\n    # print error to STDERR\n    echo \"error: The sandbox is not in sync with the Podfile.lock. Run 'pod install' or update your CocoaPods installation.\" >&2\n    exit 1\nfi\n# This output is used by Xcode 'outputs' to avoid re-running this script phase.\necho \"SUCCESS\" > \"${SCRIPT_OUTPUT_FILE_0}\"\n";
			showEnvVarsInLog = 0;
		};
/* End PBXShellScriptBuildPhase section */

/* Begin PBXSourcesBuildPhase section */
		83663A7D1E7DD243004A5C67 /* Sources */ = {
			isa = PBXSourcesBuildPhase;
			buildActionMask = 2147483647;
			files = (
				8370651320E7BD5E008092FD /* Platform.swift in Sources */,
				83B7DFC81F3F5F4B003A6D6F /* GradientView.swift in Sources */,
				8370650F20E7BD5E008092FD /* URLBuilder.swift in Sources */,
				836A95361EA285FE00BCE82A /* LoadMoreCell.swift in Sources */,
				832DAE621E8D5657001E6BB6 /* KeyboardObservable.swift in Sources */,
				83B8C44D1E9E956500F25CC7 /* Theme.swift in Sources */,
				83AD332B1F3E482300A4A720 /* GameViewController.swift in Sources */,
				83FFCC2A1E86D96B00E49C22 /* GameCell.swift in Sources */,
				83FFCC311E86D96B00E49C22 /* ListViewController.swift in Sources */,
				83FFCC2B1E86D96B00E49C22 /* SearchCell.swift in Sources */,
				8370650E20E7BD5E008092FD /* GiantBomb.swift in Sources */,
				8370651220E7BD5E008092FD /* GameList.swift in Sources */,
				83FFCC321E86D96B00E49C22 /* SearchViewController.swift in Sources */,
				83FFCC271E86D96B00E49C22 /* AppDelegate.swift in Sources */,
				8366A9531E8D1A9A002868D9 /* ActionButton.swift in Sources */,
				8370651020E7BD5E008092FD /* Backlog.swift in Sources */,
				8370650D20E7BD5E008092FD /* APIClient.swift in Sources */,
				8370651120E7BD5E008092FD /* Game.swift in Sources */,
			);
			runOnlyForDeploymentPostprocessing = 0;
		};
/* End PBXSourcesBuildPhase section */

/* Begin PBXVariantGroup section */
		8324A2811E90341600672438 /* Main.storyboard */ = {
			isa = PBXVariantGroup;
			children = (
				8324A2821E90341600672438 /* Base */,
			);
			name = Main.storyboard;
			sourceTree = "<group>";
		};
/* End PBXVariantGroup section */

/* Begin XCBuildConfiguration section */
		83663AA71E7DD243004A5C67 /* Debug */ = {
			isa = XCBuildConfiguration;
			buildSettings = {
				ALWAYS_SEARCH_USER_PATHS = NO;
				CLANG_ANALYZER_NONNULL = YES;
				CLANG_CXX_LANGUAGE_STANDARD = "gnu++0x";
				CLANG_CXX_LIBRARY = "libc++";
				CLANG_ENABLE_MODULES = YES;
				CLANG_ENABLE_OBJC_ARC = YES;
				CLANG_WARN_BLOCK_CAPTURE_AUTORELEASING = YES;
				CLANG_WARN_BOOL_CONVERSION = YES;
				CLANG_WARN_COMMA = YES;
				CLANG_WARN_CONSTANT_CONVERSION = YES;
				CLANG_WARN_DEPRECATED_OBJC_IMPLEMENTATIONS = YES;
				CLANG_WARN_DIRECT_OBJC_ISA_USAGE = YES_ERROR;
				CLANG_WARN_DOCUMENTATION_COMMENTS = YES;
				CLANG_WARN_EMPTY_BODY = YES;
				CLANG_WARN_ENUM_CONVERSION = YES;
				CLANG_WARN_INFINITE_RECURSION = YES;
				CLANG_WARN_INT_CONVERSION = YES;
				CLANG_WARN_NON_LITERAL_NULL_CONVERSION = YES;
				CLANG_WARN_OBJC_IMPLICIT_RETAIN_SELF = YES;
				CLANG_WARN_OBJC_LITERAL_CONVERSION = YES;
				CLANG_WARN_OBJC_ROOT_CLASS = YES_ERROR;
				CLANG_WARN_RANGE_LOOP_ANALYSIS = YES;
				CLANG_WARN_STRICT_PROTOTYPES = YES;
				CLANG_WARN_SUSPICIOUS_MOVE = YES;
				CLANG_WARN_UNREACHABLE_CODE = YES;
				CLANG_WARN__DUPLICATE_METHOD_MATCH = YES;
				"CODE_SIGN_IDENTITY[sdk=iphoneos*]" = "iPhone Developer";
				COPY_PHASE_STRIP = NO;
				DEBUG_INFORMATION_FORMAT = "dwarf-with-dsym";
				ENABLE_STRICT_OBJC_MSGSEND = YES;
				ENABLE_TESTABILITY = YES;
				GCC_C_LANGUAGE_STANDARD = gnu99;
				GCC_DYNAMIC_NO_PIC = NO;
				GCC_NO_COMMON_BLOCKS = YES;
				GCC_OPTIMIZATION_LEVEL = 0;
				GCC_PREPROCESSOR_DEFINITIONS = (
					"DEBUG=1",
					"$(inherited)",
				);
				GCC_WARN_64_TO_32_BIT_CONVERSION = YES;
				GCC_WARN_ABOUT_RETURN_TYPE = YES_ERROR;
				GCC_WARN_UNDECLARED_SELECTOR = YES;
				GCC_WARN_UNINITIALIZED_AUTOS = YES_AGGRESSIVE;
				GCC_WARN_UNUSED_FUNCTION = YES;
				GCC_WARN_UNUSED_VARIABLE = YES;
				IPHONEOS_DEPLOYMENT_TARGET = 10.2;
				MTL_ENABLE_DEBUG_INFO = YES;
				ONLY_ACTIVE_ARCH = YES;
				SDKROOT = iphoneos;
				SWIFT_ACTIVE_COMPILATION_CONDITIONS = DEBUG;
				SWIFT_OPTIMIZATION_LEVEL = "-Onone";
				TARGETED_DEVICE_FAMILY = "1,2";
			};
			name = Debug;
		};
		83663AA81E7DD243004A5C67 /* Release */ = {
			isa = XCBuildConfiguration;
			buildSettings = {
				ALWAYS_SEARCH_USER_PATHS = NO;
				CLANG_ANALYZER_NONNULL = YES;
				CLANG_CXX_LANGUAGE_STANDARD = "gnu++0x";
				CLANG_CXX_LIBRARY = "libc++";
				CLANG_ENABLE_MODULES = YES;
				CLANG_ENABLE_OBJC_ARC = YES;
				CLANG_WARN_BLOCK_CAPTURE_AUTORELEASING = YES;
				CLANG_WARN_BOOL_CONVERSION = YES;
				CLANG_WARN_COMMA = YES;
				CLANG_WARN_CONSTANT_CONVERSION = YES;
				CLANG_WARN_DEPRECATED_OBJC_IMPLEMENTATIONS = YES;
				CLANG_WARN_DIRECT_OBJC_ISA_USAGE = YES_ERROR;
				CLANG_WARN_DOCUMENTATION_COMMENTS = YES;
				CLANG_WARN_EMPTY_BODY = YES;
				CLANG_WARN_ENUM_CONVERSION = YES;
				CLANG_WARN_INFINITE_RECURSION = YES;
				CLANG_WARN_INT_CONVERSION = YES;
				CLANG_WARN_NON_LITERAL_NULL_CONVERSION = YES;
				CLANG_WARN_OBJC_IMPLICIT_RETAIN_SELF = YES;
				CLANG_WARN_OBJC_LITERAL_CONVERSION = YES;
				CLANG_WARN_OBJC_ROOT_CLASS = YES_ERROR;
				CLANG_WARN_RANGE_LOOP_ANALYSIS = YES;
				CLANG_WARN_STRICT_PROTOTYPES = YES;
				CLANG_WARN_SUSPICIOUS_MOVE = YES;
				CLANG_WARN_UNREACHABLE_CODE = YES;
				CLANG_WARN__DUPLICATE_METHOD_MATCH = YES;
				"CODE_SIGN_IDENTITY[sdk=iphoneos*]" = "iPhone Developer";
				COPY_PHASE_STRIP = NO;
				DEBUG_INFORMATION_FORMAT = "dwarf-with-dsym";
				ENABLE_NS_ASSERTIONS = NO;
				ENABLE_STRICT_OBJC_MSGSEND = YES;
				GCC_C_LANGUAGE_STANDARD = gnu99;
				GCC_NO_COMMON_BLOCKS = YES;
				GCC_WARN_64_TO_32_BIT_CONVERSION = YES;
				GCC_WARN_ABOUT_RETURN_TYPE = YES_ERROR;
				GCC_WARN_UNDECLARED_SELECTOR = YES;
				GCC_WARN_UNINITIALIZED_AUTOS = YES_AGGRESSIVE;
				GCC_WARN_UNUSED_FUNCTION = YES;
				GCC_WARN_UNUSED_VARIABLE = YES;
				IPHONEOS_DEPLOYMENT_TARGET = 10.2;
				MTL_ENABLE_DEBUG_INFO = NO;
				SDKROOT = iphoneos;
				SWIFT_OPTIMIZATION_LEVEL = "-Owholemodule";
				TARGETED_DEVICE_FAMILY = "1,2";
				VALIDATE_PRODUCT = YES;
			};
			name = Release;
		};
		83663AAA1E7DD243004A5C67 /* Debug */ = {
			isa = XCBuildConfiguration;
			baseConfigurationReference = DAE5C5FD9BAB0E7C796B8FD5 /* Pods-SoManyGames.debug.xcconfig */;
			buildSettings = {
				ASSETCATALOG_COMPILER_APPICON_NAME = AppIcon;
				CODE_SIGN_IDENTITY = "iPhone Developer";
				DEVELOPMENT_TEAM = DKUXY47LSM;
				FRAMEWORK_SEARCH_PATHS = (
					"$(inherited)",
					"\"${PODS_CONFIGURATION_BUILD_DIR}/Realm\"",
					"\"${PODS_CONFIGURATION_BUILD_DIR}/RealmSwift\"",
					"\"${PODS_ROOT}/Crashlytics/iOS\"",
					"\"${PODS_ROOT}/Fabric/iOS\"",
				);
				INFOPLIST_FILE = SoManyGames/Info.plist;
				IPHONEOS_DEPLOYMENT_TARGET = 11;
				LD_RUNPATH_SEARCH_PATHS = "$(inherited) @executable_path/Frameworks";
				PRODUCT_BUNDLE_IDENTIFIER = com.lukecharman.somanygames;
				PRODUCT_NAME = "$(TARGET_NAME)";
				SWIFT_SWIFT3_OBJC_INFERENCE = Off;
				SWIFT_VERSION = 4.2;
				TARGETED_DEVICE_FAMILY = "1,2";
			};
			name = Debug;
		};
		83663AAB1E7DD243004A5C67 /* Release */ = {
			isa = XCBuildConfiguration;
			baseConfigurationReference = 29CFE0C8E52E552CBA4F701C /* Pods-SoManyGames.release.xcconfig */;
			buildSettings = {
				ASSETCATALOG_COMPILER_APPICON_NAME = AppIcon;
				CODE_SIGN_IDENTITY = "iPhone Developer";
				DEVELOPMENT_TEAM = DKUXY47LSM;
				INFOPLIST_FILE = SoManyGames/Info.plist;
				IPHONEOS_DEPLOYMENT_TARGET = 11;
				LD_RUNPATH_SEARCH_PATHS = "$(inherited) @executable_path/Frameworks";
				PRODUCT_BUNDLE_IDENTIFIER = com.lukecharman.somanygames;
				PRODUCT_NAME = "$(TARGET_NAME)";
				SWIFT_SWIFT3_OBJC_INFERENCE = Off;
				SWIFT_VERSION = 4.2;
				TARGETED_DEVICE_FAMILY = "1,2";
			};
			name = Release;
		};
/* End XCBuildConfiguration section */

/* Begin XCConfigurationList section */
		83663A7C1E7DD242004A5C67 /* Build configuration list for PBXProject "SoManyGames" */ = {
			isa = XCConfigurationList;
			buildConfigurations = (
				83663AA71E7DD243004A5C67 /* Debug */,
				83663AA81E7DD243004A5C67 /* Release */,
			);
			defaultConfigurationIsVisible = 0;
			defaultConfigurationName = Release;
		};
		83663AA91E7DD243004A5C67 /* Build configuration list for PBXNativeTarget "SoManyGames" */ = {
			isa = XCConfigurationList;
			buildConfigurations = (
				83663AAA1E7DD243004A5C67 /* Debug */,
				83663AAB1E7DD243004A5C67 /* Release */,
			);
			defaultConfigurationIsVisible = 0;
			defaultConfigurationName = Release;
		};
/* End XCConfigurationList section */
	};
	rootObject = 83663A791E7DD242004A5C67 /* Project object */;
}
